// !$*UTF8*$!
{
	archiveVersion = 1;
	classes = {
	};
	objectVersion = 46;
	objects = {

/* Begin PBXBuildFile section */
		3DB437941E85694900FAFBDF /* main.m in Sources */ = {isa = PBXBuildFile; fileRef = 3DB437931E85694900FAFBDF /* main.m */; };
		3DB437971E85694900FAFBDF /* AppDelegate.m in Sources */ = {isa = PBXBuildFile; fileRef = 3DB437961E85694900FAFBDF /* AppDelegate.m */; };
		3DB4379A1E85694900FAFBDF /* ViewController.m in Sources */ = {isa = PBXBuildFile; fileRef = 3DB437991E85694900FAFBDF /* ViewController.m */; };
		3DB4379D1E85694900FAFBDF /* Main.storyboard in Resources */ = {isa = PBXBuildFile; fileRef = 3DB4379B1E85694900FAFBDF /* Main.storyboard */; };
		3DB4379F1E85694900FAFBDF /* Assets.xcassets in Resources */ = {isa = PBXBuildFile; fileRef = 3DB4379E1E85694900FAFBDF /* Assets.xcassets */; };
		3DB437A21E85694900FAFBDF /* LaunchScreen.storyboard in Resources */ = {isa = PBXBuildFile; fileRef = 3DB437A01E85694900FAFBDF /* LaunchScreen.storyboard */; };
/* End PBXBuildFile section */

/* Begin PBXFileReference section */
		3DB4378F1E85694900FAFBDF /* swt.app */ = {isa = PBXFileReference; explicitFileType = wrapper.application; includeInIndex = 0; path = swt.app; sourceTree = BUILT_PRODUCTS_DIR; };
		3DB437931E85694900FAFBDF /* main.m */ = {isa = PBXFileReference; lastKnownFileType = sourcecode.c.objc; path = main.m; sourceTree = "<group>"; };
		3DB437951E85694900FAFBDF /* AppDelegate.h */ = {isa = PBXFileReference; lastKnownFileType = sourcecode.c.h; path = AppDelegate.h; sourceTree = "<group>"; };
		3DB437961E85694900FAFBDF /* AppDelegate.m */ = {isa = PBXFileReference; lastKnownFileType = sourcecode.c.objc; path = AppDelegate.m; sourceTree = "<group>"; };
		3DB437981E85694900FAFBDF /* ViewController.h */ = {isa = PBXFileReference; lastKnownFileType = sourcecode.c.h; path = ViewController.h; sourceTree = "<group>"; };
		3DB437991E85694900FAFBDF /* ViewController.m */ = {isa = PBXFileReference; lastKnownFileType = sourcecode.c.objc; path = ViewController.m; sourceTree = "<group>"; };
		3DB4379C1E85694900FAFBDF /* Base */ = {isa = PBXFileReference; lastKnownFileType = file.storyboard; name = Base; path = Base.lproj/Main.storyboard; sourceTree = "<group>"; };
		3DB4379E1E85694900FAFBDF /* Assets.xcassets */ = {isa = PBXFileReference; lastKnownFileType = folder.assetcatalog; path = Assets.xcassets; sourceTree = "<group>"; };
		3DB437A11E85694900FAFBDF /* Base */ = {isa = PBXFileReference; lastKnownFileType = file.storyboard; name = Base; path = Base.lproj/LaunchScreen.storyboard; sourceTree = "<group>"; };
		3DB437A31E85694900FAFBDF /* Info.plist */ = {isa = PBXFileReference; lastKnownFileType = text.plist.xml; path = Info.plist; sourceTree = "<group>"; };
/* End PBXFileReference section */

/* Begin PBXFrameworksBuildPhase section */
		3DB4378C1E85694900FAFBDF /* Frameworks */ = {
			isa = PBXFrameworksBuildPhase;
			buildActionMask = 2147483647;
			files = (
			);
			runOnlyForDeploymentPostprocessing = 0;
		};
/* End PBXFrameworksBuildPhase section */

/* Begin PBXGroup section */
		3DB437861E85694900FAFBDF = {
			isa = PBXGroup;
			children = (
				3DB437911E85694900FAFBDF /* swt */,
				3DB437901E85694900FAFBDF /* Products */,
			);
			sourceTree = "<group>";
		};
		3DB437901E85694900FAFBDF /* Products */ = {
			isa = PBXGroup;
			children = (
				3DB4378F1E85694900FAFBDF /* swt.app */,
			);
			name = Products;
			sourceTree = "<group>";
		};
		3DB437911E85694900FAFBDF /* swt */ = {
			isa = PBXGroup;
			children = (
				3DB437951E85694900FAFBDF /* AppDelegate.h */,
				3DB437961E85694900FAFBDF /* AppDelegate.m */,
				3DB437981E85694900FAFBDF /* ViewController.h */,
				3DB437991E85694900FAFBDF /* ViewController.m */,
				3DB4379B1E85694900FAFBDF /* Main.storyboard */,
				3DB4379E1E85694900FAFBDF /* Assets.xcassets */,
				3DB437A01E85694900FAFBDF /* LaunchScreen.storyboard */,
				3DB437A31E85694900FAFBDF /* Info.plist */,
				3DB437921E85694900FAFBDF /* Supporting Files */,
			);
			path = swt;
			sourceTree = "<group>";
		};
		3DB437921E85694900FAFBDF /* Supporting Files */ = {
			isa = PBXGroup;
			children = (
				3DB437931E85694900FAFBDF /* main.m */,
			);
			name = "Supporting Files";
			sourceTree = "<group>";
		};
/* End PBXGroup section */

/* Begin PBXNativeTarget section */
		3DB4378E1E85694900FAFBDF /* swt */ = {
			isa = PBXNativeTarget;
			buildConfigurationList = 3DB437A61E85694900FAFBDF /* Build configuration list for PBXNativeTarget "swt" */;
			buildPhases = (
				3DB4378B1E85694900FAFBDF /* Sources */,
				3DB4378C1E85694900FAFBDF /* Frameworks */,
				3DB4378D1E85694900FAFBDF /* Resources */,
			);
			buildRules = (
			);
			dependencies = (
			);
			name = swt;
			productName = swt;
			productReference = 3DB4378F1E85694900FAFBDF /* swt.app */;
			productType = "com.apple.product-type.application";
		};
/* End PBXNativeTarget section */

/* Begin PBXProject section */
		3DB437871E85694900FAFBDF /* Project object */ = {
			isa = PBXProject;
			attributes = {
				LastUpgradeCheck = 0820;
				ORGANIZATIONNAME = "李墨";
				TargetAttributes = {
					3DB4378E1E85694900FAFBDF = {
						CreatedOnToolsVersion = 8.2.1;
						DevelopmentTeam = MEMW2H4NP9;
						ProvisioningStyle = Automatic;
					};
				};
			};
			buildConfigurationList = 3DB4378A1E85694900FAFBDF /* Build configuration list for PBXProject "swt" */;
			compatibilityVersion = "Xcode 3.2";
			developmentRegion = English;
			hasScannedForEncodings = 0;
			knownRegions = (
				en,
				Base,
			);
			mainGroup = 3DB437861E85694900FAFBDF;
			productRefGroup = 3DB437901E85694900FAFBDF /* Products */;
			projectDirPath = "";
			projectRoot = "";
			targets = (
				3DB4378E1E85694900FAFBDF /* swt */,
			);
		};
/* End PBXProject section */

/* Begin PBXResourcesBuildPhase section */
		3DB4378D1E85694900FAFBDF /* Resources */ = {
			isa = PBXResourcesBuildPhase;
			buildActionMask = 2147483647;
			files = (
				3DB437A21E85694900FAFBDF /* LaunchScreen.storyboard in Resources */,
				3DB4379F1E85694900FAFBDF /* Assets.xcassets in Resources */,
				3DB4379D1E85694900FAFBDF /* Main.storyboard in Resources */,
			);
			runOnlyForDeploymentPostprocessing = 0;
		};
/* End PBXResourcesBuildPhase section */

/* Begin PBXSourcesBuildPhase section */
		3DB4378B1E85694900FAFBDF /* Sources */ = {
			isa = PBXSourcesBuildPhase;
			buildActionMask = 2147483647;
			files = (
				3DB4379A1E85694900FAFBDF /* ViewController.m in Sources */,
				3DB437971E85694900FAFBDF /* AppDelegate.m in Sources */,
				3DB437941E85694900FAFBDF /* main.m in Sources */,
			);
			runOnlyForDeploymentPostprocessing = 0;
		};
/* End PBXSourcesBuildPhase section */

/* Begin PBXVariantGroup section */
		3DB4379B1E85694900FAFBDF /* Main.storyboard */ = {
			isa = PBXVariantGroup;
			children = (
				3DB4379C1E85694900FAFBDF /* Base */,
			);
			name = Main.storyboard;
			sourceTree = "<group>";
		};
		3DB437A01E85694900FAFBDF /* LaunchScreen.storyboard */ = {
			isa = PBXVariantGroup;
			children = (
				3DB437A11E85694900FAFBDF /* Base */,
			);
			name = LaunchScreen.storyboard;
			sourceTree = "<group>";
		};
/* End PBXVariantGroup section */

/* Begin XCBuildConfiguration section */
		3DB437A41E85694900FAFBDF /* Debug */ = {
			isa = XCBuildConfiguration;
			buildSettings = {
				ALWAYS_SEARCH_USER_PATHS = NO;
				CLANG_ANALYZER_NONNULL = YES;
				CLANG_CXX_LANGUAGE_STANDARD = "gnu++0x";
				CLANG_CXX_LIBRARY = "libc++";
				CLANG_ENABLE_MODULES = YES;
				CLANG_ENABLE_OBJC_ARC = YES;
				CLANG_WARN_BOOL_CONVERSION = YES;
				CLANG_WARN_CONSTANT_CONVERSION = YES;
				CLANG_WARN_DIRECT_OBJC_ISA_USAGE = YES_ERROR;
				CLANG_WARN_DOCUMENTATION_COMMENTS = YES;
				CLANG_WARN_EMPTY_BODY = YES;
				CLANG_WARN_ENUM_CONVERSION = YES;
				CLANG_WARN_INFINITE_RECURSION = YES;
				CLANG_WARN_INT_CONVERSION = YES;
				CLANG_WARN_OBJC_ROOT_CLASS = YES_ERROR;
				CLANG_WARN_SUSPICIOUS_MOVE = YES;
				CLANG_WARN_UNREACHABLE_CODE = YES;
				CLANG_WARN__DUPLICATE_METHOD_MATCH = YES;
				"CODE_SIGN_IDENTITY[sdk=iphoneos*]" = "iPhone Developer";
				COPY_PHASE_STRIP = NO;
				DEBUG_INFORMATION_FORMAT = dwarf;
				ENABLE_STRICT_OBJC_MSGSEND = YES;
				ENABLE_TESTABILITY = YES;
				GCC_C_LANGUAGE_STANDARD = gnu99;
				GCC_DYNAMIC_NO_PIC = NO;
				GCC_NO_COMMON_BLOCKS = YES;
				GCC_OPTIMIZATION_LEVEL = 0;
				GCC_PREPROCESSOR_DEFINITIONS = (
					"DEBUG=1",
					"$(inherited)",
				);
				GCC_WARN_64_TO_32_BIT_CONVERSION = YES;
				GCC_WARN_ABOUT_RETURN_TYPE = YES_ERROR;
				GCC_WARN_UNDECLARED_SELECTOR = YES;
				GCC_WARN_UNINITIALIZED_AUTOS = YES_AGGRESSIVE;
				GCC_WARN_UNUSED_FUNCTION = YES;
				GCC_WARN_UNUSED_VARIABLE = YES;
				IPHONEOS_DEPLOYMENT_TARGET = 10.2;
				MTL_ENABLE_DEBUG_INFO = YES;
				ONLY_ACTIVE_ARCH = YES;
				SDKROOT = iphoneos;
				TARGETED_DEVICE_FAMILY = "1,2";
			};
			name = Debug;
		};
		3DB437A51E85694900FAFBDF /* Release */ = {
			isa = XCBuildConfiguration;
			buildSettings = {
				ALWAYS_SEARCH_USER_PATHS = NO;
				CLANG_ANALYZER_NONNULL = YES;
				CLANG_CXX_LANGUAGE_STANDARD = "gnu++0x";
				CLANG_CXX_LIBRARY = "libc++";
				CLANG_ENABLE_MODULES = YES;
				CLANG_ENABLE_OBJC_ARC = YES;
				CLANG_WARN_BOOL_CONVERSION = YES;
				CLANG_WARN_CONSTANT_CONVERSION = YES;
				CLANG_WARN_DIRECT_OBJC_ISA_USAGE = YES_ERROR;
				CLANG_WARN_DOCUMENTATION_COMMENTS = YES;
				CLANG_WARN_EMPTY_BODY = YES;
				CLANG_WARN_ENUM_CONVERSION = YES;
				CLANG_WARN_INFINITE_RECURSION = YES;
				CLANG_WARN_INT_CONVERSION = YES;
				CLANG_WARN_OBJC_ROOT_CLASS = YES_ERROR;
				CLANG_WARN_SUSPICIOUS_MOVE = YES;
				CLANG_WARN_UNREACHABLE_CODE = YES;
				CLANG_WARN__DUPLICATE_METHOD_MATCH = YES;
				"CODE_SIGN_IDENTITY[sdk=iphoneos*]" = "iPhone Developer";
				COPY_PHASE_STRIP = NO;
				DEBUG_INFORMATION_FORMAT = "dwarf-with-dsym";
				ENABLE_NS_ASSERTIONS = NO;
				ENABLE_STRICT_OBJC_MSGSEND = YES;
				GCC_C_LANGUAGE_STANDARD = gnu99;
				GCC_NO_COMMON_BLOCKS = YES;
				GCC_WARN_64_TO_32_BIT_CONVERSION = YES;
				GCC_WARN_ABOUT_RETURN_TYPE = YES_ERROR;
				GCC_WARN_UNDECLARED_SELECTOR = YES;
				GCC_WARN_UNINITIALIZED_AUTOS = YES_AGGRESSIVE;
				GCC_WARN_UNUSED_FUNCTION = YES;
				GCC_WARN_UNUSED_VARIABLE = YES;
				IPHONEOS_DEPLOYMENT_TARGET = 10.2;
				MTL_ENABLE_DEBUG_INFO = NO;
				SDKROOT = iphoneos;
				TARGETED_DEVICE_FAMILY = "1,2";
				VALIDATE_PRODUCT = YES;
			};
			name = Release;
		};
		3DB437A71E85694900FAFBDF /* Debug */ = {
			isa = XCBuildConfiguration;
			buildSettings = {
				ASSETCATALOG_COMPILER_APPICON_NAME = AppIcon;
				DEVELOPMENT_TEAM = MEMW2H4NP9;
				INFOPLIST_FILE = swt/Info.plist;
				LD_RUNPATH_SEARCH_PATHS = "$(inherited) @executable_path/Frameworks";
				PRODUCT_BUNDLE_IDENTIFIER = moli.swt;
				PRODUCT_NAME = "$(TARGET_NAME)";
			};
			name = Debug;
		};
		3DB437A81E85694900FAFBDF /* Release */ = {
			isa = XCBuildConfiguration;
			buildSettings = {
				ASSETCATALOG_COMPILER_APPICON_NAME = AppIcon;
				DEVELOPMENT_TEAM = MEMW2H4NP9;
				INFOPLIST_FILE = swt/Info.plist;
				LD_RUNPATH_SEARCH_PATHS = "$(inherited) @executable_path/Frameworks";
				PRODUCT_BUNDLE_IDENTIFIER = moli.swt;
				PRODUCT_NAME = "$(TARGET_NAME)";
			};
			name = Release;
		};
/* End XCBuildConfiguration section */

/* Begin XCConfigurationList section */
		3DB4378A1E85694900FAFBDF /* Build configuration list for PBXProject "swt" */ = {
			isa = XCConfigurationList;
			buildConfigurations = (
				3DB437A41E85694900FAFBDF /* Debug */,
				3DB437A51E85694900FAFBDF /* Release */,
			);
			defaultConfigurationIsVisible = 0;
			defaultConfigurationName = Release;
		};
		3DB437A61E85694900FAFBDF /* Build configuration list for PBXNativeTarget "swt" */ = {
			isa = XCConfigurationList;
			buildConfigurations = (
				3DB437A71E85694900FAFBDF /* Debug */,
				3DB437A81E85694900FAFBDF /* Release */,
			);
			defaultConfigurationIsVisible = 0;
		};
/* End XCConfigurationList section */
	};
	rootObject = 3DB437871E85694900FAFBDF /* Project object */;
}
